
Microsoft Visual Studio Solution File, Format Version 12.00
# Visual Studio Version 16
VisualStudioVersion = 16.0.31702.278
MinimumVisualStudioVersion = 10.0.40219.1
Project("{9A19103F-16F7-4668-BE54-9A1E7A4F7556}") = "IO", "Biblioteca\IO.csproj", "{3A90BC31-667B-4649-AB2F-2D5F33522D9E}"
EndProject
Project("{9A19103F-16F7-4668-BE54-9A1E7A4F7556}") = "Notepad", "Notepad\Notepad.csproj", "{A317F832-090A-41B7-9505-7BF50AD5A2D7}"
EndProject
Project("{FAE04EC0-301F-11D3-BF4B-00C04F79EFBC}") = "Pruebas", "Pruebas\Pruebas.csproj", "{1EFBE89C-B340-496F-93A2-ECE830256160}"
EndProject
Global
	GlobalSection(SolutionConfigurationPlatforms) = preSolution
		Debug|Any CPU = Debug|Any CPU
		Release|Any CPU = Release|Any CPU
	EndGlobalSection
	GlobalSection(ProjectConfigurationPlatforms) = postSolution
		{3A90BC31-667B-4649-AB2F-2D5F33522D9E}.Debug|Any CPU.ActiveCfg = Debug|Any CPU
		{3A90BC31-667B-4649-AB2F-2D5F33522D9E}.Debug|Any CPU.Build.0 = Debug|Any CPU
		{3A90BC31-667B-4649-AB2F-2D5F33522D9E}.Release|Any CPU.ActiveCfg = Release|Any CPU
		{3A90BC31-667B-4649-AB2F-2D5F33522D9E}.Release|Any CPU.Build.0 = Release|Any CPU
		{A317F832-090A-41B7-9505-7BF50AD5A2D7}.Debug|Any CPU.ActiveCfg = Debug|Any CPU
		{A317F832-090A-41B7-9505-7BF50AD5A2D7}.Debug|Any CPU.Build.0 = Debug|Any CPU
		{A317F832-090A-41B7-9505-7BF50AD5A2D7}.Release|Any CPU.ActiveCfg = Release|Any CPU
		{A317F832-090A-41B7-9505-7BF50AD5A2D7}.Release|Any CPU.Build.0 = Release|Any CPU
		{1EFBE89C-B340-496F-93A2-ECE830256160}.Debug|Any CPU.ActiveCfg = Debug|Any CPU
		{1EFBE89C-B340-496F-93A2-ECE830256160}.Debug|Any CPU.Build.0 = Debug|Any CPU
		{1EFBE89C-B340-496F-93A2-ECE830256160}.Release|Any CPU.ActiveCfg = Release|Any CPU
		{1EFBE89C-B340-496F-93A2-ECE830256160}.Release|Any CPU.Build.0 = Release|Any CPU
	EndGlobalSection
	GlobalSection(SolutionProperties) = preSolution
		HideSolutionNode = FALSE
	EndGlobalSection
	GlobalSection(ExtensibilityGlobals) = postSolution
		SolutionGuid = {8D2DFD9A-001E-464E-9AD9-0C273CAEE482}
	EndGlobalSection
EndGlobal
