
Microsoft Visual Studio Solution File, Format Version 12.00
# Visual Studio Version 17
VisualStudioVersion = 17.1.32421.90
MinimumVisualStudioVersion = 10.0.40219.1
Project("{FAE04EC0-301F-11D3-BF4B-00C04F79EFBC}") = "Biblioteca", "Biblioteca\Biblioteca.csproj", "{2D1B1228-9E8B-4A20-8144-42FAC20772D5}"
EndProject
Global
	GlobalSection(SolutionConfigurationPlatforms) = preSolution
		Debug|Any CPU = Debug|Any CPU
		Release|Any CPU = Release|Any CPU
	EndGlobalSection
	GlobalSection(ProjectConfigurationPlatforms) = postSolution
		{2D1B1228-9E8B-4A20-8144-42FAC20772D5}.Debug|Any CPU.ActiveCfg = Debug|Any CPU
		{2D1B1228-9E8B-4A20-8144-42FAC20772D5}.Debug|Any CPU.Build.0 = Debug|Any CPU
		{2D1B1228-9E8B-4A20-8144-42FAC20772D5}.Release|Any CPU.ActiveCfg = Release|Any CPU
		{2D1B1228-9E8B-4A20-8144-42FAC20772D5}.Release|Any CPU.Build.0 = Release|Any CPU
	EndGlobalSection
	GlobalSection(SolutionProperties) = preSolution
		HideSolutionNode = FALSE
	EndGlobalSection
	GlobalSection(ExtensibilityGlobals) = postSolution
		SolutionGuid = {610F6124-8C5B-400B-B240-6900077A90E4}
	EndGlobalSection
EndGlobal
