
Microsoft Visual Studio Solution File, Format Version 12.00
# Visual Studio Version 16
VisualStudioVersion = 16.0.31624.102
MinimumVisualStudioVersion = 10.0.40219.1
Project("{FAE04EC0-301F-11D3-BF4B-00C04F79EFBC}") = "Biblioteca", "Biblioteca\Biblioteca.csproj", "{CEE098CA-A448-4D91-8829-AB786B011058}"
EndProject
Project("{FAE04EC0-301F-11D3-BF4B-00C04F79EFBC}") = "Consola", "Consola\Consola.csproj", "{FBCAB12C-6021-42C9-AF03-DBE8FB9A6B4A}"
EndProject
Global
	GlobalSection(SolutionConfigurationPlatforms) = preSolution
		Debug|Any CPU = Debug|Any CPU
		Release|Any CPU = Release|Any CPU
	EndGlobalSection
	GlobalSection(ProjectConfigurationPlatforms) = postSolution
		{CEE098CA-A448-4D91-8829-AB786B011058}.Debug|Any CPU.ActiveCfg = Debug|Any CPU
		{CEE098CA-A448-4D91-8829-AB786B011058}.Debug|Any CPU.Build.0 = Debug|Any CPU
		{CEE098CA-A448-4D91-8829-AB786B011058}.Release|Any CPU.ActiveCfg = Release|Any CPU
		{CEE098CA-A448-4D91-8829-AB786B011058}.Release|Any CPU.Build.0 = Release|Any CPU
		{FBCAB12C-6021-42C9-AF03-DBE8FB9A6B4A}.Debug|Any CPU.ActiveCfg = Debug|Any CPU
		{FBCAB12C-6021-42C9-AF03-DBE8FB9A6B4A}.Debug|Any CPU.Build.0 = Debug|Any CPU
		{FBCAB12C-6021-42C9-AF03-DBE8FB9A6B4A}.Release|Any CPU.ActiveCfg = Release|Any CPU
		{FBCAB12C-6021-42C9-AF03-DBE8FB9A6B4A}.Release|Any CPU.Build.0 = Release|Any CPU
	EndGlobalSection
	GlobalSection(SolutionProperties) = preSolution
		HideSolutionNode = FALSE
	EndGlobalSection
	GlobalSection(ExtensibilityGlobals) = postSolution
		SolutionGuid = {78C044B2-62C0-4DC7-831D-14C497D3C293}
	EndGlobalSection
EndGlobal
