
Microsoft Visual Studio Solution File, Format Version 12.00
# Visual Studio Version 16
VisualStudioVersion = 16.0.31624.102
MinimumVisualStudioVersion = 10.0.40219.1
Project("{FAE04EC0-301F-11D3-BF4B-00C04F79EFBC}") = "Cotizador", "Cotizador\Cotizador.csproj", "{5C1FF353-1B97-4703-9C75-C18474887667}"
EndProject
Global
	GlobalSection(SolutionConfigurationPlatforms) = preSolution
		Debug|Any CPU = Debug|Any CPU
		Release|Any CPU = Release|Any CPU
	EndGlobalSection
	GlobalSection(ProjectConfigurationPlatforms) = postSolution
		{5C1FF353-1B97-4703-9C75-C18474887667}.Debug|Any CPU.ActiveCfg = Debug|Any CPU
		{5C1FF353-1B97-4703-9C75-C18474887667}.Debug|Any CPU.Build.0 = Debug|Any CPU
		{5C1FF353-1B97-4703-9C75-C18474887667}.Release|Any CPU.ActiveCfg = Release|Any CPU
		{5C1FF353-1B97-4703-9C75-C18474887667}.Release|Any CPU.Build.0 = Release|Any CPU
	EndGlobalSection
	GlobalSection(SolutionProperties) = preSolution
		HideSolutionNode = FALSE
	EndGlobalSection
	GlobalSection(ExtensibilityGlobals) = postSolution
		SolutionGuid = {594C415B-85FA-4132-AF27-20D1B3B25D0E}
	EndGlobalSection
EndGlobal
