
Microsoft Visual Studio Solution File, Format Version 12.00
# Visual Studio Version 16
VisualStudioVersion = 16.0.31702.278
MinimumVisualStudioVersion = 10.0.40219.1
Project("{FAE04EC0-301F-11D3-BF4B-00C04F79EFBC}") = "vista", "vista\vista.csproj", "{BC17A4DD-B3EC-4460-888E-78BC24FA6B41}"
EndProject
Global
	GlobalSection(SolutionConfigurationPlatforms) = preSolution
		Debug|Any CPU = Debug|Any CPU
		Release|Any CPU = Release|Any CPU
	EndGlobalSection
	GlobalSection(ProjectConfigurationPlatforms) = postSolution
		{BC17A4DD-B3EC-4460-888E-78BC24FA6B41}.Debug|Any CPU.ActiveCfg = Debug|Any CPU
		{BC17A4DD-B3EC-4460-888E-78BC24FA6B41}.Debug|Any CPU.Build.0 = Debug|Any CPU
		{BC17A4DD-B3EC-4460-888E-78BC24FA6B41}.Release|Any CPU.ActiveCfg = Release|Any CPU
		{BC17A4DD-B3EC-4460-888E-78BC24FA6B41}.Release|Any CPU.Build.0 = Release|Any CPU
	EndGlobalSection
	GlobalSection(SolutionProperties) = preSolution
		HideSolutionNode = FALSE
	EndGlobalSection
	GlobalSection(ExtensibilityGlobals) = postSolution
		SolutionGuid = {3F996945-FB08-4FCD-B07B-02D803403F64}
	EndGlobalSection
EndGlobal
