
Microsoft Visual Studio Solution File, Format Version 12.00
# Visual Studio Version 16
VisualStudioVersion = 16.0.31624.102
MinimumVisualStudioVersion = 10.0.40219.1
Project("{FAE04EC0-301F-11D3-BF4B-00C04F79EFBC}") = "Biblioteca", "Biblioteca\Biblioteca.csproj", "{9E0FDA64-2BF9-4E0F-B5E0-701BC473E86A}"
EndProject
Project("{FAE04EC0-301F-11D3-BF4B-00C04F79EFBC}") = "Test", "TesstPrimos\Test.csproj", "{8887169B-30D1-4A63-8841-A1C016EC4426}"
EndProject
Global
	GlobalSection(SolutionConfigurationPlatforms) = preSolution
		Debug|Any CPU = Debug|Any CPU
		Release|Any CPU = Release|Any CPU
	EndGlobalSection
	GlobalSection(ProjectConfigurationPlatforms) = postSolution
		{9E0FDA64-2BF9-4E0F-B5E0-701BC473E86A}.Debug|Any CPU.ActiveCfg = Debug|Any CPU
		{9E0FDA64-2BF9-4E0F-B5E0-701BC473E86A}.Debug|Any CPU.Build.0 = Debug|Any CPU
		{9E0FDA64-2BF9-4E0F-B5E0-701BC473E86A}.Release|Any CPU.ActiveCfg = Release|Any CPU
		{9E0FDA64-2BF9-4E0F-B5E0-701BC473E86A}.Release|Any CPU.Build.0 = Release|Any CPU
		{8887169B-30D1-4A63-8841-A1C016EC4426}.Debug|Any CPU.ActiveCfg = Debug|Any CPU
		{8887169B-30D1-4A63-8841-A1C016EC4426}.Debug|Any CPU.Build.0 = Debug|Any CPU
		{8887169B-30D1-4A63-8841-A1C016EC4426}.Release|Any CPU.ActiveCfg = Release|Any CPU
		{8887169B-30D1-4A63-8841-A1C016EC4426}.Release|Any CPU.Build.0 = Release|Any CPU
	EndGlobalSection
	GlobalSection(SolutionProperties) = preSolution
		HideSolutionNode = FALSE
	EndGlobalSection
	GlobalSection(ExtensibilityGlobals) = postSolution
		SolutionGuid = {5CA69F88-6C2C-4AFB-8680-3C87ED064F87}
	EndGlobalSection
EndGlobal
