
Microsoft Visual Studio Solution File, Format Version 12.00
# Visual Studio Version 16
VisualStudioVersion = 16.0.31624.102
MinimumVisualStudioVersion = 10.0.40219.1
Project("{FAE04EC0-301F-11D3-BF4B-00C04F79EFBC}") = "Biblioteca", "Biblioteca\Biblioteca.csproj", "{0A5A5133-10E0-43B6-B525-29F051D0DE22}"
EndProject
Global
	GlobalSection(SolutionConfigurationPlatforms) = preSolution
		Debug|Any CPU = Debug|Any CPU
		Release|Any CPU = Release|Any CPU
	EndGlobalSection
	GlobalSection(ProjectConfigurationPlatforms) = postSolution
		{0A5A5133-10E0-43B6-B525-29F051D0DE22}.Debug|Any CPU.ActiveCfg = Debug|Any CPU
		{0A5A5133-10E0-43B6-B525-29F051D0DE22}.Debug|Any CPU.Build.0 = Debug|Any CPU
		{0A5A5133-10E0-43B6-B525-29F051D0DE22}.Release|Any CPU.ActiveCfg = Release|Any CPU
		{0A5A5133-10E0-43B6-B525-29F051D0DE22}.Release|Any CPU.Build.0 = Release|Any CPU
	EndGlobalSection
	GlobalSection(SolutionProperties) = preSolution
		HideSolutionNode = FALSE
	EndGlobalSection
	GlobalSection(ExtensibilityGlobals) = postSolution
		SolutionGuid = {5EE424C0-1D0A-45AE-AD05-D740546438CD}
	EndGlobalSection
EndGlobal
