
Microsoft Visual Studio Solution File, Format Version 12.00
# Visual Studio Version 16
VisualStudioVersion = 16.0.31624.102
MinimumVisualStudioVersion = 10.0.40219.1
Project("{FAE04EC0-301F-11D3-BF4B-00C04F79EFBC}") = "Biblioteca", "Biblioteca\Biblioteca.csproj", "{315A7298-5E74-49F3-8F64-CCAB07D1E192}"
EndProject
Project("{FAE04EC0-301F-11D3-BF4B-00C04F79EFBC}") = "Vista", "Vista\Vista.csproj", "{0EF448FC-C374-4111-A2BE-AD8FCC87474A}"
EndProject
Project("{FAE04EC0-301F-11D3-BF4B-00C04F79EFBC}") = "TestCuenta", "TestCuenta\TestCuenta.csproj", "{6D761058-987F-41D9-8575-0B1FB8AF3B90}"
EndProject
Global
	GlobalSection(SolutionConfigurationPlatforms) = preSolution
		Debug|Any CPU = Debug|Any CPU
		Release|Any CPU = Release|Any CPU
	EndGlobalSection
	GlobalSection(ProjectConfigurationPlatforms) = postSolution
		{315A7298-5E74-49F3-8F64-CCAB07D1E192}.Debug|Any CPU.ActiveCfg = Debug|Any CPU
		{315A7298-5E74-49F3-8F64-CCAB07D1E192}.Debug|Any CPU.Build.0 = Debug|Any CPU
		{315A7298-5E74-49F3-8F64-CCAB07D1E192}.Release|Any CPU.ActiveCfg = Release|Any CPU
		{315A7298-5E74-49F3-8F64-CCAB07D1E192}.Release|Any CPU.Build.0 = Release|Any CPU
		{0EF448FC-C374-4111-A2BE-AD8FCC87474A}.Debug|Any CPU.ActiveCfg = Debug|Any CPU
		{0EF448FC-C374-4111-A2BE-AD8FCC87474A}.Debug|Any CPU.Build.0 = Debug|Any CPU
		{0EF448FC-C374-4111-A2BE-AD8FCC87474A}.Release|Any CPU.ActiveCfg = Release|Any CPU
		{0EF448FC-C374-4111-A2BE-AD8FCC87474A}.Release|Any CPU.Build.0 = Release|Any CPU
		{6D761058-987F-41D9-8575-0B1FB8AF3B90}.Debug|Any CPU.ActiveCfg = Debug|Any CPU
		{6D761058-987F-41D9-8575-0B1FB8AF3B90}.Debug|Any CPU.Build.0 = Debug|Any CPU
		{6D761058-987F-41D9-8575-0B1FB8AF3B90}.Release|Any CPU.ActiveCfg = Release|Any CPU
		{6D761058-987F-41D9-8575-0B1FB8AF3B90}.Release|Any CPU.Build.0 = Release|Any CPU
	EndGlobalSection
	GlobalSection(SolutionProperties) = preSolution
		HideSolutionNode = FALSE
	EndGlobalSection
	GlobalSection(ExtensibilityGlobals) = postSolution
		SolutionGuid = {16625126-E114-45FD-9CC7-E9C0A1DC12FD}
	EndGlobalSection
EndGlobal
