
Microsoft Visual Studio Solution File, Format Version 12.00
# Visual Studio Version 17
VisualStudioVersion = 17.1.32319.34
MinimumVisualStudioVersion = 10.0.40219.1
Project("{9A19103F-16F7-4668-BE54-9A1E7A4F7556}") = "Consola", "Consola\Consola.csproj", "{583BBDE0-AB12-400B-A2CE-5C3AAB1894CD}"
EndProject
Project("{9A19103F-16F7-4668-BE54-9A1E7A4F7556}") = "Biblioteca", "Biblioteca\Biblioteca.csproj", "{B1B2E215-DD3D-46A6-8861-15B88B72660D}"
EndProject
Project("{FAE04EC0-301F-11D3-BF4B-00C04F79EFBC}") = "TestBisiesto", "TestBisiesto\TestBisiesto.csproj", "{1E67994C-D629-428E-933E-AB7B2B86292E}"
EndProject
Global
	GlobalSection(SolutionConfigurationPlatforms) = preSolution
		Debug|Any CPU = Debug|Any CPU
		Release|Any CPU = Release|Any CPU
	EndGlobalSection
	GlobalSection(ProjectConfigurationPlatforms) = postSolution
		{583BBDE0-AB12-400B-A2CE-5C3AAB1894CD}.Debug|Any CPU.ActiveCfg = Debug|Any CPU
		{583BBDE0-AB12-400B-A2CE-5C3AAB1894CD}.Debug|Any CPU.Build.0 = Debug|Any CPU
		{583BBDE0-AB12-400B-A2CE-5C3AAB1894CD}.Release|Any CPU.ActiveCfg = Release|Any CPU
		{583BBDE0-AB12-400B-A2CE-5C3AAB1894CD}.Release|Any CPU.Build.0 = Release|Any CPU
		{B1B2E215-DD3D-46A6-8861-15B88B72660D}.Debug|Any CPU.ActiveCfg = Debug|Any CPU
		{B1B2E215-DD3D-46A6-8861-15B88B72660D}.Debug|Any CPU.Build.0 = Debug|Any CPU
		{B1B2E215-DD3D-46A6-8861-15B88B72660D}.Release|Any CPU.ActiveCfg = Release|Any CPU
		{B1B2E215-DD3D-46A6-8861-15B88B72660D}.Release|Any CPU.Build.0 = Release|Any CPU
		{1E67994C-D629-428E-933E-AB7B2B86292E}.Debug|Any CPU.ActiveCfg = Debug|Any CPU
		{1E67994C-D629-428E-933E-AB7B2B86292E}.Debug|Any CPU.Build.0 = Debug|Any CPU
		{1E67994C-D629-428E-933E-AB7B2B86292E}.Release|Any CPU.ActiveCfg = Release|Any CPU
		{1E67994C-D629-428E-933E-AB7B2B86292E}.Release|Any CPU.Build.0 = Release|Any CPU
	EndGlobalSection
	GlobalSection(SolutionProperties) = preSolution
		HideSolutionNode = FALSE
	EndGlobalSection
	GlobalSection(ExtensibilityGlobals) = postSolution
		SolutionGuid = {C2D25358-645F-42F2-B5FA-411713379612}
	EndGlobalSection
EndGlobal
