
Microsoft Visual Studio Solution File, Format Version 12.00
# Visual Studio Version 16
VisualStudioVersion = 16.0.31624.102
MinimumVisualStudioVersion = 10.0.40219.1
Project("{FAE04EC0-301F-11D3-BF4B-00C04F79EFBC}") = "Biblioteca", "Biblioteca\Biblioteca.csproj", "{0A4F3738-4FF3-4BC3-AC14-BB0AC94DEA71}"
EndProject
Global
	GlobalSection(SolutionConfigurationPlatforms) = preSolution
		Debug|Any CPU = Debug|Any CPU
		Release|Any CPU = Release|Any CPU
	EndGlobalSection
	GlobalSection(ProjectConfigurationPlatforms) = postSolution
		{0A4F3738-4FF3-4BC3-AC14-BB0AC94DEA71}.Debug|Any CPU.ActiveCfg = Debug|Any CPU
		{0A4F3738-4FF3-4BC3-AC14-BB0AC94DEA71}.Debug|Any CPU.Build.0 = Debug|Any CPU
		{0A4F3738-4FF3-4BC3-AC14-BB0AC94DEA71}.Release|Any CPU.ActiveCfg = Release|Any CPU
		{0A4F3738-4FF3-4BC3-AC14-BB0AC94DEA71}.Release|Any CPU.Build.0 = Release|Any CPU
	EndGlobalSection
	GlobalSection(SolutionProperties) = preSolution
		HideSolutionNode = FALSE
	EndGlobalSection
	GlobalSection(ExtensibilityGlobals) = postSolution
		SolutionGuid = {80525A1D-1871-47C6-9F77-02ED67571E32}
	EndGlobalSection
EndGlobal
