
Microsoft Visual Studio Solution File, Format Version 12.00
# Visual Studio Version 17
VisualStudioVersion = 17.1.32319.34
MinimumVisualStudioVersion = 10.0.40219.1
Project("{FAE04EC0-301F-11D3-BF4B-00C04F79EFBC}") = "Biblioteca", "Biblioteca\Biblioteca.csproj", "{501DDE57-235E-4B20-9EDB-FF1D08E96DE6}"
EndProject
Project("{FAE04EC0-301F-11D3-BF4B-00C04F79EFBC}") = "Test", "Test\Test.csproj", "{48FB3DF6-9F08-42A1-ABAF-BCBA518AF67A}"
EndProject
Global
	GlobalSection(SolutionConfigurationPlatforms) = preSolution
		Debug|Any CPU = Debug|Any CPU
		Release|Any CPU = Release|Any CPU
	EndGlobalSection
	GlobalSection(ProjectConfigurationPlatforms) = postSolution
		{501DDE57-235E-4B20-9EDB-FF1D08E96DE6}.Debug|Any CPU.ActiveCfg = Debug|Any CPU
		{501DDE57-235E-4B20-9EDB-FF1D08E96DE6}.Debug|Any CPU.Build.0 = Debug|Any CPU
		{501DDE57-235E-4B20-9EDB-FF1D08E96DE6}.Release|Any CPU.ActiveCfg = Release|Any CPU
		{501DDE57-235E-4B20-9EDB-FF1D08E96DE6}.Release|Any CPU.Build.0 = Release|Any CPU
		{48FB3DF6-9F08-42A1-ABAF-BCBA518AF67A}.Debug|Any CPU.ActiveCfg = Debug|Any CPU
		{48FB3DF6-9F08-42A1-ABAF-BCBA518AF67A}.Debug|Any CPU.Build.0 = Debug|Any CPU
		{48FB3DF6-9F08-42A1-ABAF-BCBA518AF67A}.Release|Any CPU.ActiveCfg = Release|Any CPU
		{48FB3DF6-9F08-42A1-ABAF-BCBA518AF67A}.Release|Any CPU.Build.0 = Release|Any CPU
	EndGlobalSection
	GlobalSection(SolutionProperties) = preSolution
		HideSolutionNode = FALSE
	EndGlobalSection
	GlobalSection(ExtensibilityGlobals) = postSolution
		SolutionGuid = {64486F22-789F-46FA-B00A-A47656FAFAC1}
	EndGlobalSection
EndGlobal
